[[package]]
name = "line-profiler"
version = "3.5.1"
description = "Line-by-line profiler."
category = "main"
optional = false
python-versions = "*"

[package.extras]
all = ["Cython", "IPython (>=0.13)", "IPython (>=0.13,<7.17.0)", "cmake", "coverage[toml] (>=5.3)", "ninja", "pytest (>=4.6.11)", "pytest-cov (>=2.10.1)", "scikit-build", "ubelt (>=1.0.1)"]
build = ["Cython", "cmake", "ninja", "scikit-build"]
ipython = ["IPython (>=0.13)", "IPython (>=0.13,<7.17.0)"]
tests = ["IPython (>=0.13)", "IPython (>=0.13,<7.17.0)", "coverage[toml] (>=5.3)", "pytest (>=4.6.11)", "pytest-cov (>=2.10.1)", "ubelt (>=1.0.1)"]

[[package]]
name = "numpy"
version = "1.23.4"
description = "NumPy is the fundamental package for array computing with Python."
category = "main"
optional = false
python-versions = ">=3.8"

[[package]]
name = "tk"
version = "0.1.0"
description = "TensorKit is a deep learning helper between Python and C++."
category = "main"
optional = false
python-versions = "*"

[metadata]
lock-version = "1.1"
python-versions = "^3.10"
content-hash = "b578067ee723258aaa8e7cef81c29a158141d8021f37a967675357eef8d35d7d"

[metadata.files]
line-profiler = [
    {file = "line_profiler-3.5.1-cp310-cp310-macosx_10_9_x86_64.whl", hash = "sha256:409e32944176d4004df4308cc37674c1e48ea7444918c129edf5da68ded305c6"},
    {file = "line_profiler-3.5.1-cp310-cp310-manylinux_2_17_aarch64.manylinux2014_aarch64.whl", hash = "sha256:3d675732d221b5a4bfe48f57bd0ed2f759ad919e650890f4f5f1cf6536c1bc23"},
    {file = "line_profiler-3.5.1-cp310-cp310-manylinux_2_17_x86_64.manylinux2014_x86_64.whl", hash = "sha256:bf3c88730d8a39a03c536d729f50d78d0947bf836c5809993781c8d730a7a4a2"},
    {file = "line_profiler-3.5.1-cp310-cp310-manylinux_2_5_i686.manylinux1_i686.manylinux_2_17_i686.manylinux2014_i686.whl", hash = "sha256:916ba4f353fe0c6edf44394d02de8ea4e6bd5225e3c8c876a6879e8c61fec36a"},
    {file = "line_profiler-3.5.1-cp310-cp310-musllinux_1_1_aarch64.whl", hash = "sha256:4086531248ca399fecace5a2fb1c6e0723e07d72406b123f1f9ff91d0519ac7c"},
    {file = "line_profiler-3.5.1-cp310-cp310-musllinux_1_1_i686.whl", hash = "sha256:7ee3e8df7ee4fa6ce12010adf4a5938862367b7d903614568abae307ffa46062"},
    {file = "line_profiler-3.5.1-cp310-cp310-musllinux_1_1_x86_64.whl", hash = "sha256:8971a6ccd7f0ffda45f30ca39b55877c455fc020308336093d6e468352436196"},
    {file = "line_profiler-3.5.1-cp310-cp310-win32.whl", hash = "sha256:ff31ae34e3db3c161321d714106e9d3b9755c231ef1b716539fefc49b2855d21"},
    {file = "line_profiler-3.5.1-cp310-cp310-win_amd64.whl", hash = "sha256:ee44195421ccb95f8f039d27d8ec797f3ad25e816c08365302c8b03963a798e6"},
    {file = "line_profiler-3.5.1-cp36-cp36m-macosx_10_9_x86_64.whl", hash = "sha256:691c66477ed832141e76359d5b25db97d04cf9620fbce6a84de1989eb0d3a2fe"},
    {file = "line_profiler-3.5.1-cp36-cp36m-manylinux_2_17_aarch64.manylinux2014_aarch64.whl", hash = "sha256:7fbe8a7e9f38721020ce3fcb73567dc862735c9a138458477840b4fb03440153"},
    {file = "line_profiler-3.5.1-cp36-cp36m-manylinux_2_17_x86_64.manylinux2014_x86_64.whl", hash = "sha256:dddd5f2239d716ed471d9b0ae5ecaae612c051e53acc592331dc1e467c630366"},
    {file = "line_profiler-3.5.1-cp36-cp36m-manylinux_2_5_i686.manylinux1_i686.manylinux_2_17_i686.manylinux2014_i686.whl", hash = "sha256:1b69c751b6619d36f3870512840e0190b9d19f76fb09183ce3274c69544ab959"},
    {file = "line_profiler-3.5.1-cp36-cp36m-musllinux_1_1_aarch64.whl", hash = "sha256:b932246545b6108a3bf615d2b0e5a2c905b6f4a127d27608d996a0c6ea0f2b7a"},
    {file = "line_profiler-3.5.1-cp36-cp36m-musllinux_1_1_i686.whl", hash = "sha256:801fd7f357e8fc6910441e0b26fad311a6e81b2d34b90b64ba4be3bc366ff193"},
    {file = "line_profiler-3.5.1-cp36-cp36m-musllinux_1_1_x86_64.whl", hash = "sha256:9a26590d701aebc8ce80930e623596b16cf03db44ae6845b956559b51b1f4d8f"},
    {file = "line_profiler-3.5.1-cp36-cp36m-win32.whl", hash = "sha256:2d5de461e7ff4662b8c32a8328974e6e0ad433e1dc2e596c7105d8a8ffcc6dc4"},
    {file = "line_profiler-3.5.1-cp36-cp36m-win_amd64.whl", hash = "sha256:25930cb6d4a72f2f2e238bd80d0a875ec79ee98910be0aa969c7ca45ec68efb1"},
    {file = "line_profiler-3.5.1-cp37-cp37m-macosx_10_9_x86_64.whl", hash = "sha256:71b939326d3d385372c5891900afc06e65eacdc108b28da006f59f4fee937c61"},
    {file = "line_profiler-3.5.1-cp37-cp37m-manylinux_2_17_aarch64.manylinux2014_aarch64.whl", hash = "sha256:9ef1acc35f8ffa8b4027963c1f596bfd7b2b279eecb8cbb0c662befeb09fc443"},
    {file = "line_profiler-3.5.1-cp37-cp37m-manylinux_2_17_x86_64.manylinux2014_x86_64.whl", hash = "sha256:17b8d03ab7f09af40140ec9e616d1b6dfa9b90495bd2d65a0a47052a147274bc"},
    {file = "line_profiler-3.5.1-cp37-cp37m-manylinux_2_5_i686.manylinux1_i686.manylinux_2_17_i686.manylinux2014_i686.whl", hash = "sha256:b54ff0f75736631f2b956c35ce7436519b8b8a40f99909106eb409140ed51190"},
    {file = "line_profiler-3.5.1-cp37-cp37m-musllinux_1_1_aarch64.whl", hash = "sha256:532604be45bcf1f581d9784350d7b5775b15565bf1355905edd4892aa601b40d"},
    {file = "line_profiler-3.5.1-cp37-cp37m-musllinux_1_1_i686.whl", hash = "sha256:3a5b6287752468c4548fae267dbb0f6ccb5db5d16c8828886e1ef29ffdfa9e2d"},
    {file = "line_profiler-3.5.1-cp37-cp37m-musllinux_1_1_x86_64.whl", hash = "sha256:4b680c3746a585df81e8200d28a94bfef9c7ae0748752012c90ddb4e5ca51440"},
    {file = "line_profiler-3.5.1-cp37-cp37m-win32.whl", hash = "sha256:f7f7e3de6dab51209ee1e2efe48e4c832d23d166a349dd37dedb6b0545931171"},
    {file = "line_profiler-3.5.1-cp37-cp37m-win_amd64.whl", hash = "sha256:93407999338a446b682cd2203b09d3c461e96ba5ab7b98900b3e43c51ca50986"},
    {file = "line_profiler-3.5.1-cp38-cp38-macosx_10_9_x86_64.whl", hash = "sha256:eaae9d4583160a963ed37850dabb564311fbe90a2a93add52230ece25bd861e4"},
    {file = "line_profiler-3.5.1-cp38-cp38-manylinux_2_17_aarch64.manylinux2014_aarch64.whl", hash = "sha256:c906fa9f8bcbdd3d2e5c8bd3245924c6b0a1563ca2134560d8ba3509723b8ed4"},
    {file = "line_profiler-3.5.1-cp38-cp38-manylinux_2_17_x86_64.manylinux2014_x86_64.whl", hash = "sha256:3c00208161aa03f220df57c5a7eaa734332221d64b91cea5c45d4405a1d1f056"},
    {file = "line_profiler-3.5.1-cp38-cp38-manylinux_2_5_i686.manylinux1_i686.manylinux_2_17_i686.manylinux2014_i686.whl", hash = "sha256:ef1e3b30a26e7bc24b4b4f5d0107190a200bee19c0ee0074a06a3389ab578889"},
    {file = "line_profiler-3.5.1-cp38-cp38-musllinux_1_1_aarch64.whl", hash = "sha256:b5357eb328b425a4b5ba20e2b70f94d8c6a43b38b968dffe91fc0600a35b0a03"},
    {file = "line_profiler-3.5.1-cp38-cp38-musllinux_1_1_i686.whl", hash = "sha256:82b02a7b18b307258bed445dd13ab351e53737cb7fe212a5670d98f4271b4b69"},
    {file = "line_profiler-3.5.1-cp38-cp38-musllinux_1_1_x86_64.whl", hash = "sha256:3917f4d5a01ea297b0474898f51c5dd1a7df4806ffc019da28d04089fc4e0896"},
    {file = "line_profiler-3.5.1-cp38-cp38-win32.whl", hash = "sha256:13df519e1cdf63e16325ec6cab1f441c8b588dc6148dfdd92e99f44521dc74e8"},
    {file = "line_profiler-3.5.1-cp38-cp38-win_amd64.whl", hash = "sha256:8d2280cf96644137b8033f74e712f8bce80c509f08c8a64546b795905b035066"},
    {file = "line_profiler-3.5.1-cp39-cp39-macosx_10_9_x86_64.whl", hash = "sha256:861ccf4981867ee44e381bcfffff98c1572ba055903d52d7eb4b345c66e992e8"},
    {file = "line_profiler-3.5.1-cp39-cp39-manylinux_2_17_aarch64.manylinux2014_aarch64.whl", hash = "sha256:a9102ddec1008faf4861f72ed4ec1f7a338ffe7230ead5ea7545388f57cbc39a"},
    {file = "line_profiler-3.5.1-cp39-cp39-manylinux_2_17_x86_64.manylinux2014_x86_64.whl", hash = "sha256:d38e2e878ba47fc1f9a0e4194c0d4fa034c3c9eb9fbc954c0ccb4046672ed326"},
    {file = "line_profiler-3.5.1-cp39-cp39-manylinux_2_5_i686.manylinux1_i686.manylinux_2_17_i686.manylinux2014_i686.whl", hash = "sha256:9efc10ac7ff16f8fe9f1ce6a0a783db2e3f617d5916f8d58a41f6afb13841694"},
    {file = "line_profiler-3.5.1-cp39-cp39-musllinux_1_1_aarch64.whl", hash = "sha256:d7b3cb1718bce1d35d40b3ab0bbbd528c67d930f9308622aabeaf2ed26f163ba"},
    {file = "line_profiler-3.5.1-cp39-cp39-musllinux_1_1_i686.whl", hash = "sha256:e2b6cbc9ad958c3421df6b57e318bfaa78b9e1697528729e0a0b00d25b4a7c7a"},
    {file = "line_profiler-3.5.1-cp39-cp39-musllinux_1_1_x86_64.whl", hash = "sha256:20233371c4abf160358dbbf0702228d9dd72c66682eb284651db3a76d6d1e9f0"},
    {file = "line_profiler-3.5.1-cp39-cp39-win32.whl", hash = "sha256:2ea6ce644513bb53047c3081702371869a54ffafb2cb523c6c6b6589da623764"},
    {file = "line_profiler-3.5.1-cp39-cp39-win_amd64.whl", hash = "sha256:0c717a9c08255da9f79595330f20502a32806ba96823716b8a42b26ee7b0f183"},
    {file = "line_profiler-3.5.1.tar.gz", hash = "sha256:77400208bfbd5d4341938a9a3a4fb5194f5af7fc23b2d496c913755f8310e8b8"},
]
numpy = [
    {file = "numpy-1.23.4-cp310-cp310-macosx_10_9_x86_64.whl", hash = "sha256:95d79ada05005f6f4f337d3bb9de8a7774f259341c70bc88047a1f7b96a4bcb2"},
    {file = "numpy-1.23.4-cp310-cp310-macosx_11_0_arm64.whl", hash = "sha256:926db372bc4ac1edf81cfb6c59e2a881606b409ddc0d0920b988174b2e2a767f"},
    {file = "numpy-1.23.4-cp310-cp310-manylinux_2_17_aarch64.manylinux2014_aarch64.whl", hash = "sha256:c237129f0e732885c9a6076a537e974160482eab8f10db6292e92154d4c67d71"},
    {file = "numpy-1.23.4-cp310-cp310-manylinux_2_17_x86_64.manylinux2014_x86_64.whl", hash = "sha256:a8365b942f9c1a7d0f0dc974747d99dd0a0cdfc5949a33119caf05cb314682d3"},
    {file = "numpy-1.23.4-cp310-cp310-win32.whl", hash = "sha256:2341f4ab6dba0834b685cce16dad5f9b6606ea8a00e6da154f5dbded70fdc4dd"},
    {file = "numpy-1.23.4-cp310-cp310-win_amd64.whl", hash = "sha256:d331afac87c92373826af83d2b2b435f57b17a5c74e6268b79355b970626e329"},
    {file = "numpy-1.23.4-cp311-cp311-macosx_10_9_x86_64.whl", hash = "sha256:488a66cb667359534bc70028d653ba1cf307bae88eab5929cd707c761ff037db"},
    {file = "numpy-1.23.4-cp311-cp311-macosx_11_0_arm64.whl", hash = "sha256:ce03305dd694c4873b9429274fd41fc7eb4e0e4dea07e0af97a933b079a5814f"},
    {file = "numpy-1.23.4-cp311-cp311-manylinux_2_17_aarch64.manylinux2014_aarch64.whl", hash = "sha256:8981d9b5619569899666170c7c9748920f4a5005bf79c72c07d08c8a035757b0"},
    {file = "numpy-1.23.4-cp311-cp311-manylinux_2_17_x86_64.manylinux2014_x86_64.whl", hash = "sha256:7a70a7d3ce4c0e9284e92285cba91a4a3f5214d87ee0e95928f3614a256a1488"},
    {file = "numpy-1.23.4-cp311-cp311-win32.whl", hash = "sha256:5e13030f8793e9ee42f9c7d5777465a560eb78fa7e11b1c053427f2ccab90c79"},
    {file = "numpy-1.23.4-cp311-cp311-win_amd64.whl", hash = "sha256:7607b598217745cc40f751da38ffd03512d33ec06f3523fb0b5f82e09f6f676d"},
    {file = "numpy-1.23.4-cp38-cp38-macosx_10_9_x86_64.whl", hash = "sha256:7ab46e4e7ec63c8a5e6dbf5c1b9e1c92ba23a7ebecc86c336cb7bf3bd2fb10e5"},
    {file = "numpy-1.23.4-cp38-cp38-macosx_11_0_arm64.whl", hash = "sha256:a8aae2fb3180940011b4862b2dd3756616841c53db9734b27bb93813cd79fce6"},
    {file = "numpy-1.23.4-cp38-cp38-manylinux_2_17_aarch64.manylinux2014_aarch64.whl", hash = "sha256:8c053d7557a8f022ec823196d242464b6955a7e7e5015b719e76003f63f82d0f"},
    {file = "numpy-1.23.4-cp38-cp38-manylinux_2_17_x86_64.manylinux2014_x86_64.whl", hash = "sha256:a0882323e0ca4245eb0a3d0a74f88ce581cc33aedcfa396e415e5bba7bf05f68"},
    {file = "numpy-1.23.4-cp38-cp38-win32.whl", hash = "sha256:dada341ebb79619fe00a291185bba370c9803b1e1d7051610e01ed809ef3a4ba"},
    {file = "numpy-1.23.4-cp38-cp38-win_amd64.whl", hash = "sha256:0fe563fc8ed9dc4474cbf70742673fc4391d70f4363f917599a7fa99f042d5a8"},
    {file = "numpy-1.23.4-cp39-cp39-macosx_10_9_x86_64.whl", hash = "sha256:c67b833dbccefe97cdd3f52798d430b9d3430396af7cdb2a0c32954c3ef73894"},
    {file = "numpy-1.23.4-cp39-cp39-macosx_11_0_arm64.whl", hash = "sha256:f76025acc8e2114bb664294a07ede0727aa75d63a06d2fae96bf29a81747e4a7"},
    {file = "numpy-1.23.4-cp39-cp39-manylinux_2_17_aarch64.manylinux2014_aarch64.whl", hash = "sha256:12ac457b63ec8ded85d85c1e17d85efd3c2b0967ca39560b307a35a6703a4735"},
    {file = "numpy-1.23.4-cp39-cp39-manylinux_2_17_x86_64.manylinux2014_x86_64.whl", hash = "sha256:95de7dc7dc47a312f6feddd3da2500826defdccbc41608d0031276a24181a2c0"},
    {file = "numpy-1.23.4-cp39-cp39-win32.whl", hash = "sha256:f2f390aa4da44454db40a1f0201401f9036e8d578a25f01a6e237cea238337ef"},
    {file = "numpy-1.23.4-cp39-cp39-win_amd64.whl", hash = "sha256:f260da502d7441a45695199b4e7fd8ca87db659ba1c78f2bbf31f934fe76ae0e"},
    {file = "numpy-1.23.4-pp38-pypy38_pp73-macosx_10_9_x86_64.whl", hash = "sha256:61be02e3bf810b60ab74e81d6d0d36246dbfb644a462458bb53b595791251911"},
    {file = "numpy-1.23.4-pp38-pypy38_pp73-manylinux_2_17_x86_64.manylinux2014_x86_64.whl", hash = "sha256:296d17aed51161dbad3c67ed6d164e51fcd18dbcd5dd4f9d0a9c6055dce30810"},
    {file = "numpy-1.23.4-pp38-pypy38_pp73-win_amd64.whl", hash = "sha256:4d52914c88b4930dafb6c48ba5115a96cbab40f45740239d9f4159c4ba779962"},
    {file = "numpy-1.23.4.tar.gz", hash = "sha256:ed2cc92af0efad20198638c69bb0fc2870a58dabfba6eb722c933b48556c686c"},
]
tk = [
    {file = "tk-0.1.0-py3-none-any.whl", hash = "sha256:703a69ff0d5ba2bd2f7440582ad10160e4a6561595d33457dc6caa79b9bf4930"},
    {file = "tk-0.1.0.tar.gz", hash = "sha256:60bc8923d5d35f67f5c6bd93d4f0c49d2048114ec077768f959aef36d4ed97f8"},
]
